
Microsoft Visual Studio Solution File, Format Version 12.00
# Visual Studio Version 17
VisualStudioVersion = 17.14.36301.6 d17.14
MinimumVisualStudioVersion = 10.0.40219.1
Project("{FAE04EC0-301F-11D3-BF4B-00C04F79EFBC}") = "ikCore", "ikCore\ikCore.csproj", "{86C7B8A6-1C7A-44E2-B85E-CA3816A80304}"
EndProject
Project("{FAE04EC0-301F-11D3-BF4B-00C04F79EFBC}") = "Business", "Business\Business.csproj", "{A06B46F8-46B0-42FE-A075-46BF280F7BFD}"
EndProject
Project("{FAE04EC0-301F-11D3-BF4B-00C04F79EFBC}") = "Entities", "Entities\Entities.csproj", "{57EC0F54-BBFC-4A2C-8325-DE3FD1670BA8}"
EndProject
Project("{FAE04EC0-301F-11D3-BF4B-00C04F79EFBC}") = "DataAccess", "DataAccess\DataAccess.csproj", "{DE8D0196-6B99-48F3-84C1-B74D3B04E6EF}"
EndProject
Project("{FAE04EC0-301F-11D3-BF4B-00C04F79EFBC}") = "Core", "Core\Core.csproj", "{35A0F619-FAC4-4F1B-9913-7AFCAEEFB865}"
EndProject
Global
	GlobalSection(SolutionConfigurationPlatforms) = preSolution
		Debug|Any CPU = Debug|Any CPU
		Release|Any CPU = Release|Any CPU
	EndGlobalSection
	GlobalSection(ProjectConfigurationPlatforms) = postSolution
		{86C7B8A6-1C7A-44E2-B85E-CA3816A80304}.Debug|Any CPU.ActiveCfg = Debug|Any CPU
		{86C7B8A6-1C7A-44E2-B85E-CA3816A80304}.Debug|Any CPU.Build.0 = Debug|Any CPU
		{86C7B8A6-1C7A-44E2-B85E-CA3816A80304}.Release|Any CPU.ActiveCfg = Release|Any CPU
		{86C7B8A6-1C7A-44E2-B85E-CA3816A80304}.Release|Any CPU.Build.0 = Release|Any CPU
		{A06B46F8-46B0-42FE-A075-46BF280F7BFD}.Debug|Any CPU.ActiveCfg = Debug|Any CPU
		{A06B46F8-46B0-42FE-A075-46BF280F7BFD}.Debug|Any CPU.Build.0 = Debug|Any CPU
		{A06B46F8-46B0-42FE-A075-46BF280F7BFD}.Release|Any CPU.ActiveCfg = Release|Any CPU
		{A06B46F8-46B0-42FE-A075-46BF280F7BFD}.Release|Any CPU.Build.0 = Release|Any CPU
		{57EC0F54-BBFC-4A2C-8325-DE3FD1670BA8}.Debug|Any CPU.ActiveCfg = Debug|Any CPU
		{57EC0F54-BBFC-4A2C-8325-DE3FD1670BA8}.Debug|Any CPU.Build.0 = Debug|Any CPU
		{57EC0F54-BBFC-4A2C-8325-DE3FD1670BA8}.Release|Any CPU.ActiveCfg = Release|Any CPU
		{57EC0F54-BBFC-4A2C-8325-DE3FD1670BA8}.Release|Any CPU.Build.0 = Release|Any CPU
		{DE8D0196-6B99-48F3-84C1-B74D3B04E6EF}.Debug|Any CPU.ActiveCfg = Debug|Any CPU
		{DE8D0196-6B99-48F3-84C1-B74D3B04E6EF}.Debug|Any CPU.Build.0 = Debug|Any CPU
		{DE8D0196-6B99-48F3-84C1-B74D3B04E6EF}.Release|Any CPU.ActiveCfg = Release|Any CPU
		{DE8D0196-6B99-48F3-84C1-B74D3B04E6EF}.Release|Any CPU.Build.0 = Release|Any CPU
		{35A0F619-FAC4-4F1B-9913-7AFCAEEFB865}.Debug|Any CPU.ActiveCfg = Debug|Any CPU
		{35A0F619-FAC4-4F1B-9913-7AFCAEEFB865}.Debug|Any CPU.Build.0 = Debug|Any CPU
		{35A0F619-FAC4-4F1B-9913-7AFCAEEFB865}.Release|Any CPU.ActiveCfg = Release|Any CPU
		{35A0F619-FAC4-4F1B-9913-7AFCAEEFB865}.Release|Any CPU.Build.0 = Release|Any CPU
	EndGlobalSection
	GlobalSection(SolutionProperties) = preSolution
		HideSolutionNode = FALSE
	EndGlobalSection
	GlobalSection(ExtensibilityGlobals) = postSolution
		SolutionGuid = {65847276-C252-4B71-AB6A-29693A8217B0}
	EndGlobalSection
EndGlobal
